
Microsoft Visual Studio Solution File, Format Version 12.00
# Visual Studio Version 17
VisualStudioVersion = 17.7.34024.191
MinimumVisualStudioVersion = 10.0.40219.1
Project("{FAE04EC0-301F-11D3-BF4B-00C04F79EFBC}") = "ExplorerShade", "ExplorerShade.csproj", "{C536E3F8-2A71-4097-AD0C-E7495776A625}"
EndProject
Global
	GlobalSection(SolutionConfigurationPlatforms) = preSolution
		Debug|Any CPU = Debug|Any CPU
		Release|Any CPU = Release|Any CPU
	EndGlobalSection
	GlobalSection(ProjectConfigurationPlatforms) = postSolution
		{C536E3F8-2A71-4097-AD0C-E7495776A625}.Debug|Any CPU.ActiveCfg = Debug|Any CPU
		{C536E3F8-2A71-4097-AD0C-E7495776A625}.Debug|Any CPU.Build.0 = Debug|Any CPU
		{C536E3F8-2A71-4097-AD0C-E7495776A625}.Release|Any CPU.ActiveCfg = Release|Any CPU
		{C536E3F8-2A71-4097-AD0C-E7495776A625}.Release|Any CPU.Build.0 = Release|Any CPU
	EndGlobalSection
	GlobalSection(SolutionProperties) = preSolution
		HideSolutionNode = FALSE
	EndGlobalSection
	GlobalSection(ExtensibilityGlobals) = postSolution
		SolutionGuid = {BDB0C4DB-C960-4600-97E7-170DCD322E9F}
	EndGlobalSection
EndGlobal
